
Microsoft Visual Studio Solution File, Format Version 12.00
# Visual Studio 15
VisualStudioVersion = 15.0.27130.2036
MinimumVisualStudioVersion = 10.0.40219.1
Project("{FAE04EC0-301F-11D3-BF4B-00C04F79EFBC}") = "MilesToKilometers", "MilesToKilometers\MilesToKilometers.csproj", "{6229124A-23AC-45FE-A5B6-B1EFFF6E4823}"
EndProject
Global
	GlobalSection(SolutionConfigurationPlatforms) = preSolution
		Debug|Any CPU = Debug|Any CPU
		Release|Any CPU = Release|Any CPU
	EndGlobalSection
	GlobalSection(ProjectConfigurationPlatforms) = postSolution
		{6229124A-23AC-45FE-A5B6-B1EFFF6E4823}.Debug|Any CPU.ActiveCfg = Debug|Any CPU
		{6229124A-23AC-45FE-A5B6-B1EFFF6E4823}.Debug|Any CPU.Build.0 = Debug|Any CPU
		{6229124A-23AC-45FE-A5B6-B1EFFF6E4823}.Release|Any CPU.ActiveCfg = Release|Any CPU
		{6229124A-23AC-45FE-A5B6-B1EFFF6E4823}.Release|Any CPU.Build.0 = Release|Any CPU
	EndGlobalSection
	GlobalSection(SolutionProperties) = preSolution
		HideSolutionNode = FALSE
	EndGlobalSection
	GlobalSection(ExtensibilityGlobals) = postSolution
		SolutionGuid = {20A83D3F-993C-463D-9F8B-4845FC45A578}
	EndGlobalSection
EndGlobal
